
Microsoft Visual Studio Solution File, Format Version 12.00
# Visual Studio Version 17
VisualStudioVersion = 17.5.33414.496
MinimumVisualStudioVersion = 10.0.40219.1
Project("{FAE04EC0-301F-11D3-BF4B-00C04F79EFBC}") = "AddTwoNumbers", "AddTwoNumbers\AddTwoNumbers.csproj", "{61AA4207-7310-4560-9B26-1E9B81BA8556}"
EndProject
Global
	GlobalSection(SolutionConfigurationPlatforms) = preSolution
		Debug|Any CPU = Debug|Any CPU
		Release|Any CPU = Release|Any CPU
	EndGlobalSection
	GlobalSection(ProjectConfigurationPlatforms) = postSolution
		{61AA4207-7310-4560-9B26-1E9B81BA8556}.Debug|Any CPU.ActiveCfg = Debug|Any CPU
		{61AA4207-7310-4560-9B26-1E9B81BA8556}.Debug|Any CPU.Build.0 = Debug|Any CPU
		{61AA4207-7310-4560-9B26-1E9B81BA8556}.Release|Any CPU.ActiveCfg = Release|Any CPU
		{61AA4207-7310-4560-9B26-1E9B81BA8556}.Release|Any CPU.Build.0 = Release|Any CPU
	EndGlobalSection
	GlobalSection(SolutionProperties) = preSolution
		HideSolutionNode = FALSE
	EndGlobalSection
	GlobalSection(ExtensibilityGlobals) = postSolution
		SolutionGuid = {FE8B0C62-AA08-4BB6-89EE-09F68F79F550}
	EndGlobalSection
EndGlobal
